
Microsoft Visual Studio Solution File, Format Version 12.00
# Visual Studio Version 17
VisualStudioVersion = 17.2.32602.215
MinimumVisualStudioVersion = 10.0.40219.1
Project("{2150E333-8FDC-42A3-9474-1A3956D46DE8}") = "1-Distributed Services", "1-Distributed Services", "{F4627FAB-D0E7-4947-9551-F9DDB1B77B20}"
EndProject
Project("{2150E333-8FDC-42A3-9474-1A3956D46DE8}") = "2-Application", "2-Application", "{968818D4-F89D-4B45-8AAF-8E6D2BE51818}"
EndProject
Project("{2150E333-8FDC-42A3-9474-1A3956D46DE8}") = "3-Business", "3-Business", "{B452126E-6230-447E-B825-2879350085C5}"
EndProject
Project("{2150E333-8FDC-42A3-9474-1A3956D46DE8}") = "4-DataAccess", "4-DataAccess", "{A3D0CC38-CDD9-4792-8466-DEB68C111731}"
EndProject
Project("{2150E333-8FDC-42A3-9474-1A3956D46DE8}") = "5-Cross-Cutting", "5-Cross-Cutting", "{9DDCFB4C-5FC6-4C8B-9022-925673D7CD24}"
EndProject
Project("{9A19103F-16F7-4668-BE54-9A1E7A4F7556}") = "PrimeraAPI.DataAccess", "PrimeraAPI.DataAccess\PrimeraAPI.DataAccess.csproj", "{534BCE60-442C-4EBF-8421-BF7262E45E03}"
EndProject
Project("{9A19103F-16F7-4668-BE54-9A1E7A4F7556}") = "PrimeraAPI.DataAccess.Contracts", "PrimeraAPI.DataAccess.Contracts\PrimeraAPI.DataAccess.Contracts.csproj", "{BD4FE715-9A07-447C-94A7-7D70EB0350A8}"
EndProject
Project("{9A19103F-16F7-4668-BE54-9A1E7A4F7556}") = "PrimeraAPI.BusinessModels", "PrimeraAPI.BusinessModels\PrimeraAPI.BusinessModels.csproj", "{270B7E19-A139-4FE6-85B5-E2DE1D009C68}"
EndProject
Project("{9A19103F-16F7-4668-BE54-9A1E7A4F7556}") = "PrimeraAPI.Application", "PrimeraAPI.Application\PrimeraAPI.Application.csproj", "{1BAE87A1-6DD5-4656-B457-3A47A6272673}"
EndProject
Project("{9A19103F-16F7-4668-BE54-9A1E7A4F7556}") = "PrimeraAPI.Application.Contracts", "PrimeraAPI.Application.Contracts\PrimeraAPI.Application.Contracts.csproj", "{1687D507-B706-4EA8-86E3-ADF459EE0B46}"
EndProject
Project("{9A19103F-16F7-4668-BE54-9A1E7A4F7556}") = "PrimeraAPI.CrossCutting", "PrimeraAPI.CrossCutting\PrimeraAPI.CrossCutting.csproj", "{62559C63-6106-4ECC-B999-9F1D7332E7BE}"
EndProject
Project("{9A19103F-16F7-4668-BE54-9A1E7A4F7556}") = "PrimeraAPI.API", "PrimeraAPI.API\PrimeraAPI.API.csproj", "{59355E87-95EC-4517-9E39-4FEFCF6788AA}"
EndProject
Project("{FAE04EC0-301F-11D3-BF4B-00C04F79EFBC}") = "PrimeraAPI.CrossCutting.Contracts", "PrimeraAPI.CrossCutting.Contracts\PrimeraAPI.CrossCutting.Contracts.csproj", "{99AB3B59-8E37-49B0-985A-050F83996B7B}"
EndProject
Global
	GlobalSection(SolutionConfigurationPlatforms) = preSolution
		Debug|Any CPU = Debug|Any CPU
		Release|Any CPU = Release|Any CPU
	EndGlobalSection
	GlobalSection(ProjectConfigurationPlatforms) = postSolution
		{534BCE60-442C-4EBF-8421-BF7262E45E03}.Debug|Any CPU.ActiveCfg = Debug|Any CPU
		{534BCE60-442C-4EBF-8421-BF7262E45E03}.Debug|Any CPU.Build.0 = Debug|Any CPU
		{534BCE60-442C-4EBF-8421-BF7262E45E03}.Release|Any CPU.ActiveCfg = Release|Any CPU
		{534BCE60-442C-4EBF-8421-BF7262E45E03}.Release|Any CPU.Build.0 = Release|Any CPU
		{BD4FE715-9A07-447C-94A7-7D70EB0350A8}.Debug|Any CPU.ActiveCfg = Debug|Any CPU
		{BD4FE715-9A07-447C-94A7-7D70EB0350A8}.Debug|Any CPU.Build.0 = Debug|Any CPU
		{BD4FE715-9A07-447C-94A7-7D70EB0350A8}.Release|Any CPU.ActiveCfg = Release|Any CPU
		{BD4FE715-9A07-447C-94A7-7D70EB0350A8}.Release|Any CPU.Build.0 = Release|Any CPU
		{270B7E19-A139-4FE6-85B5-E2DE1D009C68}.Debug|Any CPU.ActiveCfg = Debug|Any CPU
		{270B7E19-A139-4FE6-85B5-E2DE1D009C68}.Debug|Any CPU.Build.0 = Debug|Any CPU
		{270B7E19-A139-4FE6-85B5-E2DE1D009C68}.Release|Any CPU.ActiveCfg = Release|Any CPU
		{270B7E19-A139-4FE6-85B5-E2DE1D009C68}.Release|Any CPU.Build.0 = Release|Any CPU
		{1BAE87A1-6DD5-4656-B457-3A47A6272673}.Debug|Any CPU.ActiveCfg = Debug|Any CPU
		{1BAE87A1-6DD5-4656-B457-3A47A6272673}.Debug|Any CPU.Build.0 = Debug|Any CPU
		{1BAE87A1-6DD5-4656-B457-3A47A6272673}.Release|Any CPU.ActiveCfg = Release|Any CPU
		{1BAE87A1-6DD5-4656-B457-3A47A6272673}.Release|Any CPU.Build.0 = Release|Any CPU
		{1687D507-B706-4EA8-86E3-ADF459EE0B46}.Debug|Any CPU.ActiveCfg = Debug|Any CPU
		{1687D507-B706-4EA8-86E3-ADF459EE0B46}.Debug|Any CPU.Build.0 = Debug|Any CPU
		{1687D507-B706-4EA8-86E3-ADF459EE0B46}.Release|Any CPU.ActiveCfg = Release|Any CPU
		{1687D507-B706-4EA8-86E3-ADF459EE0B46}.Release|Any CPU.Build.0 = Release|Any CPU
		{62559C63-6106-4ECC-B999-9F1D7332E7BE}.Debug|Any CPU.ActiveCfg = Debug|Any CPU
		{62559C63-6106-4ECC-B999-9F1D7332E7BE}.Debug|Any CPU.Build.0 = Debug|Any CPU
		{62559C63-6106-4ECC-B999-9F1D7332E7BE}.Release|Any CPU.ActiveCfg = Release|Any CPU
		{62559C63-6106-4ECC-B999-9F1D7332E7BE}.Release|Any CPU.Build.0 = Release|Any CPU
		{59355E87-95EC-4517-9E39-4FEFCF6788AA}.Debug|Any CPU.ActiveCfg = Debug|Any CPU
		{59355E87-95EC-4517-9E39-4FEFCF6788AA}.Debug|Any CPU.Build.0 = Debug|Any CPU
		{59355E87-95EC-4517-9E39-4FEFCF6788AA}.Release|Any CPU.ActiveCfg = Release|Any CPU
		{59355E87-95EC-4517-9E39-4FEFCF6788AA}.Release|Any CPU.Build.0 = Release|Any CPU
		{99AB3B59-8E37-49B0-985A-050F83996B7B}.Debug|Any CPU.ActiveCfg = Debug|Any CPU
		{99AB3B59-8E37-49B0-985A-050F83996B7B}.Debug|Any CPU.Build.0 = Debug|Any CPU
		{99AB3B59-8E37-49B0-985A-050F83996B7B}.Release|Any CPU.ActiveCfg = Release|Any CPU
		{99AB3B59-8E37-49B0-985A-050F83996B7B}.Release|Any CPU.Build.0 = Release|Any CPU
	EndGlobalSection
	GlobalSection(SolutionProperties) = preSolution
		HideSolutionNode = FALSE
	EndGlobalSection
	GlobalSection(NestedProjects) = preSolution
		{534BCE60-442C-4EBF-8421-BF7262E45E03} = {A3D0CC38-CDD9-4792-8466-DEB68C111731}
		{BD4FE715-9A07-447C-94A7-7D70EB0350A8} = {A3D0CC38-CDD9-4792-8466-DEB68C111731}
		{270B7E19-A139-4FE6-85B5-E2DE1D009C68} = {B452126E-6230-447E-B825-2879350085C5}
		{1BAE87A1-6DD5-4656-B457-3A47A6272673} = {968818D4-F89D-4B45-8AAF-8E6D2BE51818}
		{1687D507-B706-4EA8-86E3-ADF459EE0B46} = {968818D4-F89D-4B45-8AAF-8E6D2BE51818}
		{62559C63-6106-4ECC-B999-9F1D7332E7BE} = {9DDCFB4C-5FC6-4C8B-9022-925673D7CD24}
		{59355E87-95EC-4517-9E39-4FEFCF6788AA} = {F4627FAB-D0E7-4947-9551-F9DDB1B77B20}
		{99AB3B59-8E37-49B0-985A-050F83996B7B} = {9DDCFB4C-5FC6-4C8B-9022-925673D7CD24}
	EndGlobalSection
	GlobalSection(ExtensibilityGlobals) = postSolution
		SolutionGuid = {C787268D-F01A-407B-ADAD-238CEFF7687C}
	EndGlobalSection
EndGlobal
